PODS:
  - FontAwesome.swift (1.8.2)
  - MBProgressHUD (1.1.0)
  - SwiftyBeaver (1.8.3)

DEPENDENCIES:
  - FontAwesome.swift
  - MBProgressHUD
  - SwiftyBeaver

SPEC REPOS:
  https://github.com/cocoapods/specs.git:
    - FontAwesome.swift
    - MBProgressHUD
    - SwiftyBeaver

SPEC CHECKSUMS:
  FontAwesome.swift: 7938d6a03113ff3f39001bde7f50be8a0903d605
  MBProgressHUD: e7baa36a220447d8aeb12769bf0585582f3866d9
  SwiftyBeaver: 3d3e93a12d648bd400b6f2948a7ef128b5b183c7

PODFILE CHECKSUM: 493746773102a3dbba7e93bcfb9286b5e4edf348

COCOAPODS: 1.7.5
